
Microsoft Visual Studio Solution File, Format Version 12.00
# Visual Studio Version 17
VisualStudioVersion = 17.4.33205.214
MinimumVisualStudioVersion = 10.0.40219.1
Project("{9A19103F-16F7-4668-BE54-9A1E7A4F7556}") = "MyCity.Api", "MyCity.Api.csproj", "{99287808-6551-48A1-A190-79CF175DD051}"
EndProject
Project("{9A19103F-16F7-4668-BE54-9A1E7A4F7556}") = "MyCity.DataAccess", "..\MyCity.DataAccess\MyCity.DataAccess.csproj", "{7CDD554C-BC21-4669-9F9C-46114F8E7984}"
EndProject
Project("{9A19103F-16F7-4668-BE54-9A1E7A4F7556}") = "MyCity.Route.Service", "..\MyCity.Route.Service\MyCity.Route.Service.csproj", "{B4F0DF07-1C21-4F63-AE83-1ADEC2859C7B}"
EndProject
Project("{9A19103F-16F7-4668-BE54-9A1E7A4F7556}") = "MyCity.Core", "..\MyCity.Core\MyCity.Core.csproj", "{DBCE49E1-A0D1-4E35-B72D-E73B137234B5}"
EndProject
Project("{9A19103F-16F7-4668-BE54-9A1E7A4F7556}") = "MyCity.Location.Service", "..\MyCity.Location.Service\MyCity.Location.Service.csproj", "{06CE06C9-756E-490F-B479-1A54B68AE0AE}"
EndProject
Global
	GlobalSection(SolutionConfigurationPlatforms) = preSolution
		Debug|Any CPU = Debug|Any CPU
		Release|Any CPU = Release|Any CPU
	EndGlobalSection
	GlobalSection(ProjectConfigurationPlatforms) = postSolution
		{99287808-6551-48A1-A190-79CF175DD051}.Debug|Any CPU.ActiveCfg = Debug|Any CPU
		{99287808-6551-48A1-A190-79CF175DD051}.Debug|Any CPU.Build.0 = Debug|Any CPU
		{99287808-6551-48A1-A190-79CF175DD051}.Release|Any CPU.ActiveCfg = Release|Any CPU
		{99287808-6551-48A1-A190-79CF175DD051}.Release|Any CPU.Build.0 = Release|Any CPU
		{7CDD554C-BC21-4669-9F9C-46114F8E7984}.Debug|Any CPU.ActiveCfg = Debug|Any CPU
		{7CDD554C-BC21-4669-9F9C-46114F8E7984}.Debug|Any CPU.Build.0 = Debug|Any CPU
		{7CDD554C-BC21-4669-9F9C-46114F8E7984}.Release|Any CPU.ActiveCfg = Release|Any CPU
		{7CDD554C-BC21-4669-9F9C-46114F8E7984}.Release|Any CPU.Build.0 = Release|Any CPU
		{B4F0DF07-1C21-4F63-AE83-1ADEC2859C7B}.Debug|Any CPU.ActiveCfg = Debug|Any CPU
		{B4F0DF07-1C21-4F63-AE83-1ADEC2859C7B}.Debug|Any CPU.Build.0 = Debug|Any CPU
		{B4F0DF07-1C21-4F63-AE83-1ADEC2859C7B}.Release|Any CPU.ActiveCfg = Release|Any CPU
		{B4F0DF07-1C21-4F63-AE83-1ADEC2859C7B}.Release|Any CPU.Build.0 = Release|Any CPU
		{DBCE49E1-A0D1-4E35-B72D-E73B137234B5}.Debug|Any CPU.ActiveCfg = Debug|Any CPU
		{DBCE49E1-A0D1-4E35-B72D-E73B137234B5}.Debug|Any CPU.Build.0 = Debug|Any CPU
		{DBCE49E1-A0D1-4E35-B72D-E73B137234B5}.Release|Any CPU.ActiveCfg = Release|Any CPU
		{DBCE49E1-A0D1-4E35-B72D-E73B137234B5}.Release|Any CPU.Build.0 = Release|Any CPU
		{06CE06C9-756E-490F-B479-1A54B68AE0AE}.Debug|Any CPU.ActiveCfg = Debug|Any CPU
		{06CE06C9-756E-490F-B479-1A54B68AE0AE}.Debug|Any CPU.Build.0 = Debug|Any CPU
		{06CE06C9-756E-490F-B479-1A54B68AE0AE}.Release|Any CPU.ActiveCfg = Release|Any CPU
		{06CE06C9-756E-490F-B479-1A54B68AE0AE}.Release|Any CPU.Build.0 = Release|Any CPU
	EndGlobalSection
	GlobalSection(SolutionProperties) = preSolution
		HideSolutionNode = FALSE
	EndGlobalSection
	GlobalSection(ExtensibilityGlobals) = postSolution
		SolutionGuid = {805CC4F7-630D-4712-99E8-56AC315535CF}
	EndGlobalSection
EndGlobal
